
Microsoft Visual Studio Solution File, Format Version 12.00
# Visual Studio Version 16
VisualStudioVersion = 16.0.34031.81
MinimumVisualStudioVersion = 10.0.40219.1
Project("{2150E333-8FDC-42A3-9474-1A3956D46DE8}") = "Task0", "Task0", "{042BB65A-D9F2-4817-87A4-C962A630B730}"
EndProject
Project("{FAE04EC0-301F-11D3-BF4B-00C04F79EFBC}") = "Tyuiu.RachevES.Sprint1.Task0.V20.Test", "Tyuiu.RachevES.Sprint1.Task0.V20\Tyuiu.RachevES.Sprint1.Task0.V20.Test.csproj", "{A4988061-ADAB-43B1-9326-943A65F168BD}"
EndProject
Project("{FAE04EC0-301F-11D3-BF4B-00C04F79EFBC}") = "Tyuiu.RachevES.Sprint1.Task0.V20.Lib", "Tyuiu.RachevES.Sprint1.Task0.V20.Lib\Tyuiu.RachevES.Sprint1.Task0.V20.Lib.csproj", "{0CB3B6C5-632E-4287-A6A3-BD9D9E7123EA}"
EndProject
Project("{FAE04EC0-301F-11D3-BF4B-00C04F79EFBC}") = "Tyuiu.RachevES.Sprint1.Task0V20", "Tyuiu.RachevES.Sprint1.Task0V20\Tyuiu.RachevES.Sprint1.Task0V20.csproj", "{5847EF20-D2DE-4265-A015-03A11F82AECE}"
EndProject
Project("{2150E333-8FDC-42A3-9474-1A3956D46DE8}") = "Task 1", "Task 1", "{3918E18F-66FB-4899-8CA6-345B10A24F8B}"
EndProject
Project("{FAE04EC0-301F-11D3-BF4B-00C04F79EFBC}") = "Tyuiu.RachevES.Sprint1.Task1.V1.Test", "Tyuiu.RachevES.Sprint1.Task1.V1.Test\Tyuiu.RachevES.Sprint1.Task1.V1.Test.csproj", "{E12A67BD-767D-4C83-B68D-87C2FC1FBC9E}"
EndProject
Project("{FAE04EC0-301F-11D3-BF4B-00C04F79EFBC}") = "Tyuiu.RachevES.Sprint1.Task1.V1.Lib", "Tyuiu.RachevES.Sprint1.Task1.V1.Lib\Tyuiu.RachevES.Sprint1.Task1.V1.Lib.csproj", "{9B992E4B-6D87-4217-A5C7-4862C897F2DD}"
EndProject
Project("{FAE04EC0-301F-11D3-BF4B-00C04F79EFBC}") = "Tyuiu.RachevES.Sprint1.Task1.V1", "Tyuiu.RachevES.Sprint1.Task1.V1\Tyuiu.RachevES.Sprint1.Task1.V1.csproj", "{C6B637F2-70BB-4F79-9CC9-A6C16B560E06}"
EndProject
Project("{2150E333-8FDC-42A3-9474-1A3956D46DE8}") = "Task2", "Task2", "{0688020B-F6A6-4E8E-8DD0-197C17F1B5B7}"
EndProject
Project("{FAE04EC0-301F-11D3-BF4B-00C04F79EFBC}") = "Tyuiu.RachevES.Sprint1.Task2.V24", "Tyuiu.RachevES.Sprint1.Task2.V24\Tyuiu.RachevES.Sprint1.Task2.V24.csproj", "{69656ECC-768F-4DC5-BD53-2D4757DA9264}"
EndProject
Project("{FAE04EC0-301F-11D3-BF4B-00C04F79EFBC}") = "Tyuiu.RachevES.Sprint1.Task2.V24.Lib", "Tyuiu.RachevES.Sprint1.Task2.V24.Lib\Tyuiu.RachevES.Sprint1.Task2.V24.Lib.csproj", "{41928C83-CC2A-416E-8FD9-EF59B4FD0AFE}"
EndProject
Project("{FAE04EC0-301F-11D3-BF4B-00C04F79EFBC}") = "Tyuiu.RachevES.Sprint1.Task2.V24.Test", "Tyuiu.RachevES.Sprint1.Task2.V24.Test\Tyuiu.RachevES.Sprint1.Task2.V24.Test.csproj", "{325B25C1-AC03-463E-9B2B-341C1C8C92AF}"
EndProject
Project("{2150E333-8FDC-42A3-9474-1A3956D46DE8}") = "Task3", "Task3", "{3272A9B0-BC22-468F-BDB8-EB69B9B60736}"
EndProject
Project("{FAE04EC0-301F-11D3-BF4B-00C04F79EFBC}") = "Tyuiu.RachevES.Sprint1.Task3.V10", "Tyuiu.RachevES.Sprint1.Task3.V10\Tyuiu.RachevES.Sprint1.Task3.V10.csproj", "{F055FC2C-CAB9-4DD6-B41A-4F117AD033F0}"
EndProject
Project("{FAE04EC0-301F-11D3-BF4B-00C04F79EFBC}") = "Tyuiu.RachevES.Sprint1.Task3.V10.Lib", "Tyuiu.RachevES.Sprint1.Task3.V10.Lib\Tyuiu.RachevES.Sprint1.Task3.V10.Lib.csproj", "{9C7D4E7A-A318-4E4C-AC04-41A269A405AD}"
EndProject
Project("{FAE04EC0-301F-11D3-BF4B-00C04F79EFBC}") = "Tyuiu.RachevES.Sprint1.Task3.V10.Test", "Tyuiu.RachevES.Sprint1.Task3.V10.Test\Tyuiu.RachevES.Sprint1.Task3.V10.Test.csproj", "{0A301274-4161-46A2-A522-B3CA068CE846}"
EndProject
Project("{2150E333-8FDC-42A3-9474-1A3956D46DE8}") = "Task4", "Task4", "{D282FB8D-51AD-44FE-9F09-386623CC75A4}"
EndProject
Project("{FAE04EC0-301F-11D3-BF4B-00C04F79EFBC}") = "Tyuiu.RachevES.Sprint1.Task4.V30", "Tyuiu.RachevES.Sprint1.Task4.V30\Tyuiu.RachevES.Sprint1.Task4.V30.csproj", "{E4B137FA-8AD8-4E44-A8CC-9348C045D7B1}"
EndProject
Project("{FAE04EC0-301F-11D3-BF4B-00C04F79EFBC}") = "Tyuiu.RachevES.Sprint1.Task4.V30.Test", "Tyuiu.RachevES.Sprint1.Task4.V30.Test\Tyuiu.RachevES.Sprint1.Task4.V30.Test.csproj", "{5B6558EE-DE52-4BB3-B0C9-9A82DD368A9F}"
EndProject
Project("{FAE04EC0-301F-11D3-BF4B-00C04F79EFBC}") = "Tyuiu.RachevES.Sprint1.Task4.V30.Lib", "Tyuiu.RachevES.Sprint1.Task4.V30.Lib\Tyuiu.RachevES.Sprint1.Task4.V30.Lib.csproj", "{013E97A6-4801-46DD-B807-1772CB82D497}"
EndProject
Project("{2150E333-8FDC-42A3-9474-1A3956D46DE8}") = "Task5", "Task5", "{74F91CDA-A87E-4F39-AB4A-321F90026B94}"
EndProject
Project("{FAE04EC0-301F-11D3-BF4B-00C04F79EFBC}") = "Tyuiu.RachevES.Sprint1.Task5.V3", "Tyuiu.RachevES.Sprint1.Task5.V11\Tyuiu.RachevES.Sprint1.Task5.V3.csproj", "{1842894D-C68C-48B6-B081-146170362453}"
EndProject
Project("{FAE04EC0-301F-11D3-BF4B-00C04F79EFBC}") = "Tyuiu.RachevES.Sprint1.Task5.V3.Lib", "Tyuiu.RachevES.Sprint1.Task5.V11.Lib\Tyuiu.RachevES.Sprint1.Task5.V3.Lib.csproj", "{A5F2A862-FD72-4EBA-86B9-89FD4A5CA773}"
EndProject
Project("{FAE04EC0-301F-11D3-BF4B-00C04F79EFBC}") = "Tyuiu.RachevES.Sprint1.Task5.V3.Test", "Tyuiu.RachevES.Sprint1.Task5.V11.Test\Tyuiu.RachevES.Sprint1.Task5.V3.Test.csproj", "{8FCBD3FE-DE7A-4B4A-A2E1-2A0FF275DE45}"
EndProject
Project("{2150E333-8FDC-42A3-9474-1A3956D46DE8}") = "Task6", "Task6", "{B54DB45C-D26C-4F72-9EEF-CFFD688CEE7D}"
EndProject
Project("{FAE04EC0-301F-11D3-BF4B-00C04F79EFBC}") = "Tyuiu.RachevES.Sprint1.Task6.V11", "Tyuiu.RachevES.Sprint1.Task6.V11\Tyuiu.RachevES.Sprint1.Task6.V11.csproj", "{52CA296E-B284-48BB-8950-9D3120F9AC83}"
EndProject
Project("{FAE04EC0-301F-11D3-BF4B-00C04F79EFBC}") = "Tyuiu.RachevES.Sprint1.Task6.V11.Test", "Tyuiu.RachevES.Sprint1.Task6.V11.Test\Tyuiu.RachevES.Sprint1.Task6.V11.Test.csproj", "{B2F5F646-EB8A-4F8D-B9F6-3AE00C60055F}"
EndProject
Project("{FAE04EC0-301F-11D3-BF4B-00C04F79EFBC}") = "Tyuiu.RachevES.Sprint1.Task6.V11.Lib", "Tyuiu.RachevES.Sprint1.Task6.V11.Lib\Tyuiu.RachevES.Sprint1.Task6.V11.Lib.csproj", "{351886A8-2831-49E9-86E4-616B2688DD1E}"
EndProject
Project("{2150E333-8FDC-42A3-9474-1A3956D46DE8}") = "NewFolder1", "NewFolder1", "{9EBFBDB2-0700-4A76-8D9C-2EB737A65EC9}"
EndProject
Project("{FAE04EC0-301F-11D3-BF4B-00C04F79EFBC}") = "Tyuiu.RachevES.Sprint1.Task7.V7", "Tyuiu.RachevES.Sprint1.Task7.V7\Tyuiu.RachevES.Sprint1.Task7.V7.csproj", "{B1C48FA2-55A5-4FC0-AFDD-8420AD461CB0}"
EndProject
Project("{FAE04EC0-301F-11D3-BF4B-00C04F79EFBC}") = "Tyuiu.RachevES.Sprint1.Task7.V7.Lib", "Tyuiu.RachevES.Sprint1.Task7.V7.Lib\Tyuiu.RachevES.Sprint1.Task7.V7.Lib.csproj", "{A3CD35D1-F5D3-498A-B8C5-49ED577E5764}"
EndProject
Project("{FAE04EC0-301F-11D3-BF4B-00C04F79EFBC}") = "Tyuiu.RachevES.Sprint1.Task7.V7.Test", "Tyuiu.RachevES.Sprint1.Task7.V7.Test\Tyuiu.RachevES.Sprint1.Task7.V7.Test.csproj", "{23AF6361-954B-477B-88E0-740FD139A16D}"
EndProject
Global
	GlobalSection(SolutionConfigurationPlatforms) = preSolution
		Debug|Any CPU = Debug|Any CPU
		Release|Any CPU = Release|Any CPU
	EndGlobalSection
	GlobalSection(ProjectConfigurationPlatforms) = postSolution
		{A4988061-ADAB-43B1-9326-943A65F168BD}.Debug|Any CPU.ActiveCfg = Debug|Any CPU
		{A4988061-ADAB-43B1-9326-943A65F168BD}.Debug|Any CPU.Build.0 = Debug|Any CPU
		{A4988061-ADAB-43B1-9326-943A65F168BD}.Release|Any CPU.ActiveCfg = Release|Any CPU
		{A4988061-ADAB-43B1-9326-943A65F168BD}.Release|Any CPU.Build.0 = Release|Any CPU
		{0CB3B6C5-632E-4287-A6A3-BD9D9E7123EA}.Debug|Any CPU.ActiveCfg = Debug|Any CPU
		{0CB3B6C5-632E-4287-A6A3-BD9D9E7123EA}.Debug|Any CPU.Build.0 = Debug|Any CPU
		{0CB3B6C5-632E-4287-A6A3-BD9D9E7123EA}.Release|Any CPU.ActiveCfg = Release|Any CPU
		{0CB3B6C5-632E-4287-A6A3-BD9D9E7123EA}.Release|Any CPU.Build.0 = Release|Any CPU
		{5847EF20-D2DE-4265-A015-03A11F82AECE}.Debug|Any CPU.ActiveCfg = Debug|Any CPU
		{5847EF20-D2DE-4265-A015-03A11F82AECE}.Debug|Any CPU.Build.0 = Debug|Any CPU
		{5847EF20-D2DE-4265-A015-03A11F82AECE}.Release|Any CPU.ActiveCfg = Release|Any CPU
		{5847EF20-D2DE-4265-A015-03A11F82AECE}.Release|Any CPU.Build.0 = Release|Any CPU
		{E12A67BD-767D-4C83-B68D-87C2FC1FBC9E}.Debug|Any CPU.ActiveCfg = Debug|Any CPU
		{E12A67BD-767D-4C83-B68D-87C2FC1FBC9E}.Debug|Any CPU.Build.0 = Debug|Any CPU
		{E12A67BD-767D-4C83-B68D-87C2FC1FBC9E}.Release|Any CPU.ActiveCfg = Release|Any CPU
		{E12A67BD-767D-4C83-B68D-87C2FC1FBC9E}.Release|Any CPU.Build.0 = Release|Any CPU
		{9B992E4B-6D87-4217-A5C7-4862C897F2DD}.Debug|Any CPU.ActiveCfg = Debug|Any CPU
		{9B992E4B-6D87-4217-A5C7-4862C897F2DD}.Debug|Any CPU.Build.0 = Debug|Any CPU
		{9B992E4B-6D87-4217-A5C7-4862C897F2DD}.Release|Any CPU.ActiveCfg = Release|Any CPU
		{9B992E4B-6D87-4217-A5C7-4862C897F2DD}.Release|Any CPU.Build.0 = Release|Any CPU
		{C6B637F2-70BB-4F79-9CC9-A6C16B560E06}.Debug|Any CPU.ActiveCfg = Debug|Any CPU
		{C6B637F2-70BB-4F79-9CC9-A6C16B560E06}.Debug|Any CPU.Build.0 = Debug|Any CPU
		{C6B637F2-70BB-4F79-9CC9-A6C16B560E06}.Release|Any CPU.ActiveCfg = Release|Any CPU
		{C6B637F2-70BB-4F79-9CC9-A6C16B560E06}.Release|Any CPU.Build.0 = Release|Any CPU
		{69656ECC-768F-4DC5-BD53-2D4757DA9264}.Debug|Any CPU.ActiveCfg = Debug|Any CPU
		{69656ECC-768F-4DC5-BD53-2D4757DA9264}.Debug|Any CPU.Build.0 = Debug|Any CPU
		{69656ECC-768F-4DC5-BD53-2D4757DA9264}.Release|Any CPU.ActiveCfg = Release|Any CPU
		{69656ECC-768F-4DC5-BD53-2D4757DA9264}.Release|Any CPU.Build.0 = Release|Any CPU
		{41928C83-CC2A-416E-8FD9-EF59B4FD0AFE}.Debug|Any CPU.ActiveCfg = Debug|Any CPU
		{41928C83-CC2A-416E-8FD9-EF59B4FD0AFE}.Debug|Any CPU.Build.0 = Debug|Any CPU
		{41928C83-CC2A-416E-8FD9-EF59B4FD0AFE}.Release|Any CPU.ActiveCfg = Release|Any CPU
		{41928C83-CC2A-416E-8FD9-EF59B4FD0AFE}.Release|Any CPU.Build.0 = Release|Any CPU
		{325B25C1-AC03-463E-9B2B-341C1C8C92AF}.Debug|Any CPU.ActiveCfg = Debug|Any CPU
		{325B25C1-AC03-463E-9B2B-341C1C8C92AF}.Debug|Any CPU.Build.0 = Debug|Any CPU
		{325B25C1-AC03-463E-9B2B-341C1C8C92AF}.Release|Any CPU.ActiveCfg = Release|Any CPU
		{325B25C1-AC03-463E-9B2B-341C1C8C92AF}.Release|Any CPU.Build.0 = Release|Any CPU
		{F055FC2C-CAB9-4DD6-B41A-4F117AD033F0}.Debug|Any CPU.ActiveCfg = Debug|Any CPU
		{F055FC2C-CAB9-4DD6-B41A-4F117AD033F0}.Debug|Any CPU.Build.0 = Debug|Any CPU
		{F055FC2C-CAB9-4DD6-B41A-4F117AD033F0}.Release|Any CPU.ActiveCfg = Release|Any CPU
		{F055FC2C-CAB9-4DD6-B41A-4F117AD033F0}.Release|Any CPU.Build.0 = Release|Any CPU
		{9C7D4E7A-A318-4E4C-AC04-41A269A405AD}.Debug|Any CPU.ActiveCfg = Debug|Any CPU
		{9C7D4E7A-A318-4E4C-AC04-41A269A405AD}.Debug|Any CPU.Build.0 = Debug|Any CPU
		{9C7D4E7A-A318-4E4C-AC04-41A269A405AD}.Release|Any CPU.ActiveCfg = Release|Any CPU
		{9C7D4E7A-A318-4E4C-AC04-41A269A405AD}.Release|Any CPU.Build.0 = Release|Any CPU
		{0A301274-4161-46A2-A522-B3CA068CE846}.Debug|Any CPU.ActiveCfg = Debug|Any CPU
		{0A301274-4161-46A2-A522-B3CA068CE846}.Debug|Any CPU.Build.0 = Debug|Any CPU
		{0A301274-4161-46A2-A522-B3CA068CE846}.Release|Any CPU.ActiveCfg = Release|Any CPU
		{0A301274-4161-46A2-A522-B3CA068CE846}.Release|Any CPU.Build.0 = Release|Any CPU
		{E4B137FA-8AD8-4E44-A8CC-9348C045D7B1}.Debug|Any CPU.ActiveCfg = Debug|Any CPU
		{E4B137FA-8AD8-4E44-A8CC-9348C045D7B1}.Debug|Any CPU.Build.0 = Debug|Any CPU
		{E4B137FA-8AD8-4E44-A8CC-9348C045D7B1}.Release|Any CPU.ActiveCfg = Release|Any CPU
		{E4B137FA-8AD8-4E44-A8CC-9348C045D7B1}.Release|Any CPU.Build.0 = Release|Any CPU
		{5B6558EE-DE52-4BB3-B0C9-9A82DD368A9F}.Debug|Any CPU.ActiveCfg = Debug|Any CPU
		{5B6558EE-DE52-4BB3-B0C9-9A82DD368A9F}.Debug|Any CPU.Build.0 = Debug|Any CPU
		{5B6558EE-DE52-4BB3-B0C9-9A82DD368A9F}.Release|Any CPU.ActiveCfg = Release|Any CPU
		{5B6558EE-DE52-4BB3-B0C9-9A82DD368A9F}.Release|Any CPU.Build.0 = Release|Any CPU
		{013E97A6-4801-46DD-B807-1772CB82D497}.Debug|Any CPU.ActiveCfg = Debug|Any CPU
		{013E97A6-4801-46DD-B807-1772CB82D497}.Debug|Any CPU.Build.0 = Debug|Any CPU
		{013E97A6-4801-46DD-B807-1772CB82D497}.Release|Any CPU.ActiveCfg = Release|Any CPU
		{013E97A6-4801-46DD-B807-1772CB82D497}.Release|Any CPU.Build.0 = Release|Any CPU
		{1842894D-C68C-48B6-B081-146170362453}.Debug|Any CPU.ActiveCfg = Debug|Any CPU
		{1842894D-C68C-48B6-B081-146170362453}.Debug|Any CPU.Build.0 = Debug|Any CPU
		{1842894D-C68C-48B6-B081-146170362453}.Release|Any CPU.ActiveCfg = Release|Any CPU
		{1842894D-C68C-48B6-B081-146170362453}.Release|Any CPU.Build.0 = Release|Any CPU
		{A5F2A862-FD72-4EBA-86B9-89FD4A5CA773}.Debug|Any CPU.ActiveCfg = Debug|Any CPU
		{A5F2A862-FD72-4EBA-86B9-89FD4A5CA773}.Debug|Any CPU.Build.0 = Debug|Any CPU
		{A5F2A862-FD72-4EBA-86B9-89FD4A5CA773}.Release|Any CPU.ActiveCfg = Release|Any CPU
		{A5F2A862-FD72-4EBA-86B9-89FD4A5CA773}.Release|Any CPU.Build.0 = Release|Any CPU
		{8FCBD3FE-DE7A-4B4A-A2E1-2A0FF275DE45}.Debug|Any CPU.ActiveCfg = Debug|Any CPU
		{8FCBD3FE-DE7A-4B4A-A2E1-2A0FF275DE45}.Debug|Any CPU.Build.0 = Debug|Any CPU
		{8FCBD3FE-DE7A-4B4A-A2E1-2A0FF275DE45}.Release|Any CPU.ActiveCfg = Release|Any CPU
		{8FCBD3FE-DE7A-4B4A-A2E1-2A0FF275DE45}.Release|Any CPU.Build.0 = Release|Any CPU
		{52CA296E-B284-48BB-8950-9D3120F9AC83}.Debug|Any CPU.ActiveCfg = Debug|Any CPU
		{52CA296E-B284-48BB-8950-9D3120F9AC83}.Debug|Any CPU.Build.0 = Debug|Any CPU
		{52CA296E-B284-48BB-8950-9D3120F9AC83}.Release|Any CPU.ActiveCfg = Release|Any CPU
		{52CA296E-B284-48BB-8950-9D3120F9AC83}.Release|Any CPU.Build.0 = Release|Any CPU
		{B2F5F646-EB8A-4F8D-B9F6-3AE00C60055F}.Debug|Any CPU.ActiveCfg = Debug|Any CPU
		{B2F5F646-EB8A-4F8D-B9F6-3AE00C60055F}.Debug|Any CPU.Build.0 = Debug|Any CPU
		{B2F5F646-EB8A-4F8D-B9F6-3AE00C60055F}.Release|Any CPU.ActiveCfg = Release|Any CPU
		{B2F5F646-EB8A-4F8D-B9F6-3AE00C60055F}.Release|Any CPU.Build.0 = Release|Any CPU
		{351886A8-2831-49E9-86E4-616B2688DD1E}.Debug|Any CPU.ActiveCfg = Debug|Any CPU
		{351886A8-2831-49E9-86E4-616B2688DD1E}.Debug|Any CPU.Build.0 = Debug|Any CPU
		{351886A8-2831-49E9-86E4-616B2688DD1E}.Release|Any CPU.ActiveCfg = Release|Any CPU
		{351886A8-2831-49E9-86E4-616B2688DD1E}.Release|Any CPU.Build.0 = Release|Any CPU
		{B1C48FA2-55A5-4FC0-AFDD-8420AD461CB0}.Debug|Any CPU.ActiveCfg = Debug|Any CPU
		{B1C48FA2-55A5-4FC0-AFDD-8420AD461CB0}.Debug|Any CPU.Build.0 = Debug|Any CPU
		{B1C48FA2-55A5-4FC0-AFDD-8420AD461CB0}.Release|Any CPU.ActiveCfg = Release|Any CPU
		{B1C48FA2-55A5-4FC0-AFDD-8420AD461CB0}.Release|Any CPU.Build.0 = Release|Any CPU
		{A3CD35D1-F5D3-498A-B8C5-49ED577E5764}.Debug|Any CPU.ActiveCfg = Debug|Any CPU
		{A3CD35D1-F5D3-498A-B8C5-49ED577E5764}.Debug|Any CPU.Build.0 = Debug|Any CPU
		{A3CD35D1-F5D3-498A-B8C5-49ED577E5764}.Release|Any CPU.ActiveCfg = Release|Any CPU
		{A3CD35D1-F5D3-498A-B8C5-49ED577E5764}.Release|Any CPU.Build.0 = Release|Any CPU
		{23AF6361-954B-477B-88E0-740FD139A16D}.Debug|Any CPU.ActiveCfg = Debug|Any CPU
		{23AF6361-954B-477B-88E0-740FD139A16D}.Debug|Any CPU.Build.0 = Debug|Any CPU
		{23AF6361-954B-477B-88E0-740FD139A16D}.Release|Any CPU.ActiveCfg = Release|Any CPU
		{23AF6361-954B-477B-88E0-740FD139A16D}.Release|Any CPU.Build.0 = Release|Any CPU
	EndGlobalSection
	GlobalSection(SolutionProperties) = preSolution
		HideSolutionNode = FALSE
	EndGlobalSection
	GlobalSection(NestedProjects) = preSolution
		{A4988061-ADAB-43B1-9326-943A65F168BD} = {042BB65A-D9F2-4817-87A4-C962A630B730}
		{0CB3B6C5-632E-4287-A6A3-BD9D9E7123EA} = {042BB65A-D9F2-4817-87A4-C962A630B730}
		{5847EF20-D2DE-4265-A015-03A11F82AECE} = {042BB65A-D9F2-4817-87A4-C962A630B730}
		{E12A67BD-767D-4C83-B68D-87C2FC1FBC9E} = {3918E18F-66FB-4899-8CA6-345B10A24F8B}
		{9B992E4B-6D87-4217-A5C7-4862C897F2DD} = {3918E18F-66FB-4899-8CA6-345B10A24F8B}
		{C6B637F2-70BB-4F79-9CC9-A6C16B560E06} = {3918E18F-66FB-4899-8CA6-345B10A24F8B}
		{69656ECC-768F-4DC5-BD53-2D4757DA9264} = {0688020B-F6A6-4E8E-8DD0-197C17F1B5B7}
		{41928C83-CC2A-416E-8FD9-EF59B4FD0AFE} = {0688020B-F6A6-4E8E-8DD0-197C17F1B5B7}
		{325B25C1-AC03-463E-9B2B-341C1C8C92AF} = {0688020B-F6A6-4E8E-8DD0-197C17F1B5B7}
		{F055FC2C-CAB9-4DD6-B41A-4F117AD033F0} = {3272A9B0-BC22-468F-BDB8-EB69B9B60736}
		{9C7D4E7A-A318-4E4C-AC04-41A269A405AD} = {3272A9B0-BC22-468F-BDB8-EB69B9B60736}
		{0A301274-4161-46A2-A522-B3CA068CE846} = {3272A9B0-BC22-468F-BDB8-EB69B9B60736}
		{E4B137FA-8AD8-4E44-A8CC-9348C045D7B1} = {D282FB8D-51AD-44FE-9F09-386623CC75A4}
		{5B6558EE-DE52-4BB3-B0C9-9A82DD368A9F} = {D282FB8D-51AD-44FE-9F09-386623CC75A4}
		{013E97A6-4801-46DD-B807-1772CB82D497} = {D282FB8D-51AD-44FE-9F09-386623CC75A4}
		{1842894D-C68C-48B6-B081-146170362453} = {74F91CDA-A87E-4F39-AB4A-321F90026B94}
		{A5F2A862-FD72-4EBA-86B9-89FD4A5CA773} = {74F91CDA-A87E-4F39-AB4A-321F90026B94}
		{8FCBD3FE-DE7A-4B4A-A2E1-2A0FF275DE45} = {74F91CDA-A87E-4F39-AB4A-321F90026B94}
		{52CA296E-B284-48BB-8950-9D3120F9AC83} = {B54DB45C-D26C-4F72-9EEF-CFFD688CEE7D}
		{B2F5F646-EB8A-4F8D-B9F6-3AE00C60055F} = {B54DB45C-D26C-4F72-9EEF-CFFD688CEE7D}
		{351886A8-2831-49E9-86E4-616B2688DD1E} = {B54DB45C-D26C-4F72-9EEF-CFFD688CEE7D}
		{B1C48FA2-55A5-4FC0-AFDD-8420AD461CB0} = {9EBFBDB2-0700-4A76-8D9C-2EB737A65EC9}
		{A3CD35D1-F5D3-498A-B8C5-49ED577E5764} = {9EBFBDB2-0700-4A76-8D9C-2EB737A65EC9}
		{23AF6361-954B-477B-88E0-740FD139A16D} = {9EBFBDB2-0700-4A76-8D9C-2EB737A65EC9}
	EndGlobalSection
	GlobalSection(ExtensibilityGlobals) = postSolution
		SolutionGuid = {E0B7A1B2-4B1B-4EC8-A40C-B21F4D579468}
	EndGlobalSection
EndGlobal
