
Microsoft Visual Studio Solution File, Format Version 12.00
# Visual Studio Version 16
VisualStudioVersion = 16.0.34031.81
MinimumVisualStudioVersion = 10.0.40219.1
Project("{2150E333-8FDC-42A3-9474-1A3956D46DE8}") = "Task1", "Task1", "{042BB65A-D9F2-4817-87A4-C962A630B730}"
EndProject
Project("{FAE04EC0-301F-11D3-BF4B-00C04F79EFBC}") = "Tyuiu.RachevES.Sprint1.Task0.V20.Test", "Tyuiu.RachevES.Sprint1.Task0.V20\Tyuiu.RachevES.Sprint1.Task0.V20.Test.csproj", "{A4988061-ADAB-43B1-9326-943A65F168BD}"
EndProject
Project("{FAE04EC0-301F-11D3-BF4B-00C04F79EFBC}") = "Tyuiu.RachevES.Sprint1.Task0.V20.Lib", "Tyuiu.RachevES.Sprint1.Task0.V20.Lib\Tyuiu.RachevES.Sprint1.Task0.V20.Lib.csproj", "{0CB3B6C5-632E-4287-A6A3-BD9D9E7123EA}"
EndProject
Project("{FAE04EC0-301F-11D3-BF4B-00C04F79EFBC}") = "Tyuiu.RachevES.Sprint1.Task0V20", "Tyuiu.RachevES.Sprint1.Task0V20\Tyuiu.RachevES.Sprint1.Task0V20.csproj", "{5847EF20-D2DE-4265-A015-03A11F82AECE}"
EndProject
Project("{2150E333-8FDC-42A3-9474-1A3956D46DE8}") = "Task 2", "Task 2", "{3918E18F-66FB-4899-8CA6-345B10A24F8B}"
EndProject
Project("{FAE04EC0-301F-11D3-BF4B-00C04F79EFBC}") = "Tyuiu.RachevES.Sprint1.Task1.V1.Test", "Tyuiu.RachevES.Sprint1.Task1.V1.Test\Tyuiu.RachevES.Sprint1.Task1.V1.Test.csproj", "{E12A67BD-767D-4C83-B68D-87C2FC1FBC9E}"
EndProject
Project("{FAE04EC0-301F-11D3-BF4B-00C04F79EFBC}") = "Tyuiu.RachevES.Sprint1.Task1.V1.Lib", "Tyuiu.RachevES.Sprint1.Task1.V1.Lib\Tyuiu.RachevES.Sprint1.Task1.V1.Lib.csproj", "{9B992E4B-6D87-4217-A5C7-4862C897F2DD}"
EndProject
Project("{FAE04EC0-301F-11D3-BF4B-00C04F79EFBC}") = "Tyuiu.RachevES.Sprint1.Task1.V1", "Tyuiu.RachevES.Sprint1.Task1.V1\Tyuiu.RachevES.Sprint1.Task1.V1.csproj", "{C6B637F2-70BB-4F79-9CC9-A6C16B560E06}"
EndProject
Global
	GlobalSection(SolutionConfigurationPlatforms) = preSolution
		Debug|Any CPU = Debug|Any CPU
		Release|Any CPU = Release|Any CPU
	EndGlobalSection
	GlobalSection(ProjectConfigurationPlatforms) = postSolution
		{A4988061-ADAB-43B1-9326-943A65F168BD}.Debug|Any CPU.ActiveCfg = Debug|Any CPU
		{A4988061-ADAB-43B1-9326-943A65F168BD}.Debug|Any CPU.Build.0 = Debug|Any CPU
		{A4988061-ADAB-43B1-9326-943A65F168BD}.Release|Any CPU.ActiveCfg = Release|Any CPU
		{A4988061-ADAB-43B1-9326-943A65F168BD}.Release|Any CPU.Build.0 = Release|Any CPU
		{0CB3B6C5-632E-4287-A6A3-BD9D9E7123EA}.Debug|Any CPU.ActiveCfg = Debug|Any CPU
		{0CB3B6C5-632E-4287-A6A3-BD9D9E7123EA}.Debug|Any CPU.Build.0 = Debug|Any CPU
		{0CB3B6C5-632E-4287-A6A3-BD9D9E7123EA}.Release|Any CPU.ActiveCfg = Release|Any CPU
		{0CB3B6C5-632E-4287-A6A3-BD9D9E7123EA}.Release|Any CPU.Build.0 = Release|Any CPU
		{5847EF20-D2DE-4265-A015-03A11F82AECE}.Debug|Any CPU.ActiveCfg = Debug|Any CPU
		{5847EF20-D2DE-4265-A015-03A11F82AECE}.Debug|Any CPU.Build.0 = Debug|Any CPU
		{5847EF20-D2DE-4265-A015-03A11F82AECE}.Release|Any CPU.ActiveCfg = Release|Any CPU
		{5847EF20-D2DE-4265-A015-03A11F82AECE}.Release|Any CPU.Build.0 = Release|Any CPU
		{E12A67BD-767D-4C83-B68D-87C2FC1FBC9E}.Debug|Any CPU.ActiveCfg = Debug|Any CPU
		{E12A67BD-767D-4C83-B68D-87C2FC1FBC9E}.Debug|Any CPU.Build.0 = Debug|Any CPU
		{E12A67BD-767D-4C83-B68D-87C2FC1FBC9E}.Release|Any CPU.ActiveCfg = Release|Any CPU
		{E12A67BD-767D-4C83-B68D-87C2FC1FBC9E}.Release|Any CPU.Build.0 = Release|Any CPU
		{9B992E4B-6D87-4217-A5C7-4862C897F2DD}.Debug|Any CPU.ActiveCfg = Debug|Any CPU
		{9B992E4B-6D87-4217-A5C7-4862C897F2DD}.Debug|Any CPU.Build.0 = Debug|Any CPU
		{9B992E4B-6D87-4217-A5C7-4862C897F2DD}.Release|Any CPU.ActiveCfg = Release|Any CPU
		{9B992E4B-6D87-4217-A5C7-4862C897F2DD}.Release|Any CPU.Build.0 = Release|Any CPU
		{C6B637F2-70BB-4F79-9CC9-A6C16B560E06}.Debug|Any CPU.ActiveCfg = Debug|Any CPU
		{C6B637F2-70BB-4F79-9CC9-A6C16B560E06}.Debug|Any CPU.Build.0 = Debug|Any CPU
		{C6B637F2-70BB-4F79-9CC9-A6C16B560E06}.Release|Any CPU.ActiveCfg = Release|Any CPU
		{C6B637F2-70BB-4F79-9CC9-A6C16B560E06}.Release|Any CPU.Build.0 = Release|Any CPU
	EndGlobalSection
	GlobalSection(SolutionProperties) = preSolution
		HideSolutionNode = FALSE
	EndGlobalSection
	GlobalSection(NestedProjects) = preSolution
		{A4988061-ADAB-43B1-9326-943A65F168BD} = {042BB65A-D9F2-4817-87A4-C962A630B730}
		{0CB3B6C5-632E-4287-A6A3-BD9D9E7123EA} = {042BB65A-D9F2-4817-87A4-C962A630B730}
		{5847EF20-D2DE-4265-A015-03A11F82AECE} = {042BB65A-D9F2-4817-87A4-C962A630B730}
		{E12A67BD-767D-4C83-B68D-87C2FC1FBC9E} = {3918E18F-66FB-4899-8CA6-345B10A24F8B}
		{9B992E4B-6D87-4217-A5C7-4862C897F2DD} = {3918E18F-66FB-4899-8CA6-345B10A24F8B}
		{C6B637F2-70BB-4F79-9CC9-A6C16B560E06} = {3918E18F-66FB-4899-8CA6-345B10A24F8B}
	EndGlobalSection
	GlobalSection(ExtensibilityGlobals) = postSolution
		SolutionGuid = {E0B7A1B2-4B1B-4EC8-A40C-B21F4D579468}
	EndGlobalSection
EndGlobal
